
Microsoft Visual Studio Solution File, Format Version 12.00
# Visual Studio Version 16
VisualStudioVersion = 16.0.29709.97
MinimumVisualStudioVersion = 10.0.40219.1
Project("{FAE04EC0-301F-11D3-BF4B-00C04F79EFBC}") = "UpdateByDelegates", "UpdateByDelegates\UpdateByDelegates.csproj", "{43904E1A-337C-4A93-8202-F456DABE2C24}"
EndProject
Global
	GlobalSection(SolutionConfigurationPlatforms) = preSolution
		Debug|Any CPU = Debug|Any CPU
		Release|Any CPU = Release|Any CPU
	EndGlobalSection
	GlobalSection(ProjectConfigurationPlatforms) = postSolution
		{43904E1A-337C-4A93-8202-F456DABE2C24}.Debug|Any CPU.ActiveCfg = Debug|Any CPU
		{43904E1A-337C-4A93-8202-F456DABE2C24}.Debug|Any CPU.Build.0 = Debug|Any CPU
		{43904E1A-337C-4A93-8202-F456DABE2C24}.Release|Any CPU.ActiveCfg = Release|Any CPU
		{43904E1A-337C-4A93-8202-F456DABE2C24}.Release|Any CPU.Build.0 = Release|Any CPU
	EndGlobalSection
	GlobalSection(SolutionProperties) = preSolution
		HideSolutionNode = FALSE
	EndGlobalSection
	GlobalSection(ExtensibilityGlobals) = postSolution
		SolutionGuid = {7492D153-36AD-4FFF-BED3-64ADD709F077}
	EndGlobalSection
EndGlobal
